
Microsoft Visual Studio Solution File, Format Version 12.00
# Visual Studio Version 16
VisualStudioVersion = 16.0.31729.503
MinimumVisualStudioVersion = 10.0.40219.1
Project("{FAE04EC0-301F-11D3-BF4B-00C04F79EFBC}") = "Notlarim102WebApp", "Notlarim102WebApp\Notlarim102WebApp.csproj", "{6358889C-E9C0-4D4B-B102-AD10E7128BA3}"
EndProject
Project("{FAE04EC0-301F-11D3-BF4B-00C04F79EFBC}") = "Notlarim102.DataAccessLayer", "Notlarim102.DataAccessLayer\Notlarim102.DataAccessLayer.csproj", "{A4027081-4D0C-4451-A234-E495E4884238}"
EndProject
Project("{FAE04EC0-301F-11D3-BF4B-00C04F79EFBC}") = "Notlarim102.BusinessLayer", "Notlarim102.BusinessLayer\Notlarim102.BusinessLayer.csproj", "{80CDB84B-DEC1-45C4-9FA3-F32DAE66F28D}"
EndProject
Project("{FAE04EC0-301F-11D3-BF4B-00C04F79EFBC}") = "Notlarim102.Entity", "Notlarim102.Entity\Notlarim102.Entity.csproj", "{0E88FE24-5CA6-4387-9801-8E69F32FF226}"
EndProject
Project("{FAE04EC0-301F-11D3-BF4B-00C04F79EFBC}") = "Notlarim102.Common", "Notlarim102.Common\Notlarim102.Common.csproj", "{19D6B0AA-489A-45F4-B6ED-DCA8A25A1669}"
EndProject
Global
	GlobalSection(SolutionConfigurationPlatforms) = preSolution
		Debug|Any CPU = Debug|Any CPU
		Release|Any CPU = Release|Any CPU
	EndGlobalSection
	GlobalSection(ProjectConfigurationPlatforms) = postSolution
		{6358889C-E9C0-4D4B-B102-AD10E7128BA3}.Debug|Any CPU.ActiveCfg = Debug|Any CPU
		{6358889C-E9C0-4D4B-B102-AD10E7128BA3}.Debug|Any CPU.Build.0 = Debug|Any CPU
		{6358889C-E9C0-4D4B-B102-AD10E7128BA3}.Release|Any CPU.ActiveCfg = Release|Any CPU
		{6358889C-E9C0-4D4B-B102-AD10E7128BA3}.Release|Any CPU.Build.0 = Release|Any CPU
		{A4027081-4D0C-4451-A234-E495E4884238}.Debug|Any CPU.ActiveCfg = Debug|Any CPU
		{A4027081-4D0C-4451-A234-E495E4884238}.Debug|Any CPU.Build.0 = Debug|Any CPU
		{A4027081-4D0C-4451-A234-E495E4884238}.Release|Any CPU.ActiveCfg = Release|Any CPU
		{A4027081-4D0C-4451-A234-E495E4884238}.Release|Any CPU.Build.0 = Release|Any CPU
		{80CDB84B-DEC1-45C4-9FA3-F32DAE66F28D}.Debug|Any CPU.ActiveCfg = Debug|Any CPU
		{80CDB84B-DEC1-45C4-9FA3-F32DAE66F28D}.Debug|Any CPU.Build.0 = Debug|Any CPU
		{80CDB84B-DEC1-45C4-9FA3-F32DAE66F28D}.Release|Any CPU.ActiveCfg = Release|Any CPU
		{80CDB84B-DEC1-45C4-9FA3-F32DAE66F28D}.Release|Any CPU.Build.0 = Release|Any CPU
		{0E88FE24-5CA6-4387-9801-8E69F32FF226}.Debug|Any CPU.ActiveCfg = Debug|Any CPU
		{0E88FE24-5CA6-4387-9801-8E69F32FF226}.Debug|Any CPU.Build.0 = Debug|Any CPU
		{0E88FE24-5CA6-4387-9801-8E69F32FF226}.Release|Any CPU.ActiveCfg = Release|Any CPU
		{0E88FE24-5CA6-4387-9801-8E69F32FF226}.Release|Any CPU.Build.0 = Release|Any CPU
		{19D6B0AA-489A-45F4-B6ED-DCA8A25A1669}.Debug|Any CPU.ActiveCfg = Debug|Any CPU
		{19D6B0AA-489A-45F4-B6ED-DCA8A25A1669}.Debug|Any CPU.Build.0 = Debug|Any CPU
		{19D6B0AA-489A-45F4-B6ED-DCA8A25A1669}.Release|Any CPU.ActiveCfg = Release|Any CPU
		{19D6B0AA-489A-45F4-B6ED-DCA8A25A1669}.Release|Any CPU.Build.0 = Release|Any CPU
	EndGlobalSection
	GlobalSection(SolutionProperties) = preSolution
		HideSolutionNode = FALSE
	EndGlobalSection
	GlobalSection(ExtensibilityGlobals) = postSolution
		SolutionGuid = {C036CB8D-E562-410A-8EF8-FDF7C9343AE6}
	EndGlobalSection
EndGlobal
